
Microsoft Visual Studio Solution File, Format Version 12.00
# Visual Studio Version 17
VisualStudioVersion = 17.10.35027.167
MinimumVisualStudioVersion = 10.0.40219.1
Project("{FAE04EC0-301F-11D3-BF4B-00C04F79EFBC}") = "solomon", "solomon\solomon.csproj", "{45510E77-F0D9-443A-849F-E1619C5D1403}"
EndProject
Global
	GlobalSection(SolutionConfigurationPlatforms) = preSolution
		Debug|Any CPU = Debug|Any CPU
		Release|Any CPU = Release|Any CPU
	EndGlobalSection
	GlobalSection(ProjectConfigurationPlatforms) = postSolution
		{45510E77-F0D9-443A-849F-E1619C5D1403}.Debug|Any CPU.ActiveCfg = Debug|Any CPU
		{45510E77-F0D9-443A-849F-E1619C5D1403}.Debug|Any CPU.Build.0 = Debug|Any CPU
		{45510E77-F0D9-443A-849F-E1619C5D1403}.Release|Any CPU.ActiveCfg = Release|Any CPU
		{45510E77-F0D9-443A-849F-E1619C5D1403}.Release|Any CPU.Build.0 = Release|Any CPU
	EndGlobalSection
	GlobalSection(SolutionProperties) = preSolution
		HideSolutionNode = FALSE
	EndGlobalSection
	GlobalSection(ExtensibilityGlobals) = postSolution
		SolutionGuid = {806EC8DA-8DC6-42CA-B2CB-438C0BE4A611}
	EndGlobalSection
EndGlobal
